
Microsoft Visual Studio Solution File, Format Version 12.00
# Visual Studio 14
VisualStudioVersion = 14.0.24720.0
MinimumVisualStudioVersion = 10.0.40219.1
Project("{FAE04EC0-301F-11D3-BF4B-00C04F79EFBC}") = "first console app", "first console app\first console app.csproj", "{75F15301-C9E6-425C-BC72-B11B0DB2954B}"
EndProject
Project("{FAE04EC0-301F-11D3-BF4B-00C04F79EFBC}") = "specialNumbers", "specialNumbers\specialNumbers.csproj", "{B9511202-AF50-42F7-A60F-3F0FCA1728AF}"
EndProject
Global
	GlobalSection(SolutionConfigurationPlatforms) = preSolution
		Debug|Any CPU = Debug|Any CPU
		Release|Any CPU = Release|Any CPU
	EndGlobalSection
	GlobalSection(ProjectConfigurationPlatforms) = postSolution
		{75F15301-C9E6-425C-BC72-B11B0DB2954B}.Debug|Any CPU.ActiveCfg = Debug|Any CPU
		{75F15301-C9E6-425C-BC72-B11B0DB2954B}.Debug|Any CPU.Build.0 = Debug|Any CPU
		{75F15301-C9E6-425C-BC72-B11B0DB2954B}.Release|Any CPU.ActiveCfg = Release|Any CPU
		{75F15301-C9E6-425C-BC72-B11B0DB2954B}.Release|Any CPU.Build.0 = Release|Any CPU
		{B9511202-AF50-42F7-A60F-3F0FCA1728AF}.Debug|Any CPU.ActiveCfg = Debug|Any CPU
		{B9511202-AF50-42F7-A60F-3F0FCA1728AF}.Debug|Any CPU.Build.0 = Debug|Any CPU
		{B9511202-AF50-42F7-A60F-3F0FCA1728AF}.Release|Any CPU.ActiveCfg = Release|Any CPU
		{B9511202-AF50-42F7-A60F-3F0FCA1728AF}.Release|Any CPU.Build.0 = Release|Any CPU
	EndGlobalSection
	GlobalSection(SolutionProperties) = preSolution
		HideSolutionNode = FALSE
	EndGlobalSection
EndGlobal
